
Microsoft Visual Studio Solution File, Format Version 12.00
# Visual Studio 2012
Project("{FAE04EC0-301F-11D3-BF4B-00C04F79EFBC}") = "CPiao", "ZPY\CPiao.csproj", "{BB3C794B-5A6A-494B-8E2B-A0662ACC3084}"
EndProject
Project("{FAE04EC0-301F-11D3-BF4B-00C04F79EFBC}") = "ProTools", "ProTools\ProTools.csproj", "{898A9502-A35E-4032-A90C-42708B2B9C82}"
EndProject
Global
	GlobalSection(SolutionConfigurationPlatforms) = preSolution
		Debug|Any CPU = Debug|Any CPU
		Release|Any CPU = Release|Any CPU
	EndGlobalSection
	GlobalSection(ProjectConfigurationPlatforms) = postSolution
		{BB3C794B-5A6A-494B-8E2B-A0662ACC3084}.Debug|Any CPU.ActiveCfg = Debug|Any CPU
		{BB3C794B-5A6A-494B-8E2B-A0662ACC3084}.Debug|Any CPU.Build.0 = Debug|Any CPU
		{BB3C794B-5A6A-494B-8E2B-A0662ACC3084}.Release|Any CPU.ActiveCfg = Release|Any CPU
		{BB3C794B-5A6A-494B-8E2B-A0662ACC3084}.Release|Any CPU.Build.0 = Release|Any CPU
		{898A9502-A35E-4032-A90C-42708B2B9C82}.Debug|Any CPU.ActiveCfg = Debug|Any CPU
		{898A9502-A35E-4032-A90C-42708B2B9C82}.Debug|Any CPU.Build.0 = Debug|Any CPU
		{898A9502-A35E-4032-A90C-42708B2B9C82}.Release|Any CPU.ActiveCfg = Release|Any CPU
		{898A9502-A35E-4032-A90C-42708B2B9C82}.Release|Any CPU.Build.0 = Release|Any CPU
	EndGlobalSection
	GlobalSection(SolutionProperties) = preSolution
		HideSolutionNode = FALSE
	EndGlobalSection
EndGlobal
